
Microsoft Visual Studio Solution File, Format Version 12.00
# Visual Studio Version 16
VisualStudioVersion = 16.0.30204.135
MinimumVisualStudioVersion = 10.0.40219.1
Project("{FAE04EC0-301F-11D3-BF4B-00C04F79EFBC}") = "BookListRazor", "BookListRazor.csproj", "{35CB2F06-2DF8-4304-A0E5-107A4151F548}"
EndProject
Global
	GlobalSection(SolutionConfigurationPlatforms) = preSolution
		Debug|Any CPU = Debug|Any CPU
		Release|Any CPU = Release|Any CPU
	EndGlobalSection
	GlobalSection(ProjectConfigurationPlatforms) = postSolution
		{35CB2F06-2DF8-4304-A0E5-107A4151F548}.Debug|Any CPU.ActiveCfg = Debug|Any CPU
		{35CB2F06-2DF8-4304-A0E5-107A4151F548}.Debug|Any CPU.Build.0 = Debug|Any CPU
		{35CB2F06-2DF8-4304-A0E5-107A4151F548}.Release|Any CPU.ActiveCfg = Release|Any CPU
		{35CB2F06-2DF8-4304-A0E5-107A4151F548}.Release|Any CPU.Build.0 = Release|Any CPU
	EndGlobalSection
	GlobalSection(SolutionProperties) = preSolution
		HideSolutionNode = FALSE
	EndGlobalSection
	GlobalSection(ExtensibilityGlobals) = postSolution
		SolutionGuid = {4C611A3B-54CA-4276-BA46-6DE56B5F6E53}
	EndGlobalSection
EndGlobal
